#MicroXplorer Configuration settings - do not modify
CAN1.ABOM=DISABLE
CAN1.AWUM=DISABLE
CAN1.BS1=CAN_BS1_15TQ
CAN1.BS2=CAN_BS2_2TQ
CAN1.CalculateBaudRate=500000
CAN1.CalculateTimeBit=2000
CAN1.CalculateTimeQuantum=111.11111111111111
CAN1.IPParameters=Prescaler,BS1,BS2,SJW,TTCM,ABOM,AWUM,NART,RFLM,TXFP,Mode,CalculateTimeQuantum,CalculateTimeBit,CalculateBaudRate
CAN1.Mode=CAN_MODE_NORMAL
CAN1.NART=ENABLE
CAN1.Prescaler=4
CAN1.RFLM=DISABLE
CAN1.SJW=CAN_SJW_1TQ
CAN1.TTCM=DISABLE
CAN1.TXFP=DISABLE
CAN2.ABOM=DISABLE
CAN2.AWUM=DISABLE
CAN2.BS1=CAN_BS1_15TQ
CAN2.BS2=CAN_BS2_2TQ
CAN2.CalculateBaudRate=500000
CAN2.CalculateTimeBit=2000
CAN2.CalculateTimeQuantum=111.11111111111111
CAN2.IPParameters=Prescaler,BS1,BS2,SJW,TTCM,ABOM,AWUM,NART,RFLM,TXFP,Mode,CalculateTimeQuantum,CalculateTimeBit,CalculateBaudRate
CAN2.Mode=CAN_MODE_NORMAL
CAN2.NART=ENABLE
CAN2.Prescaler=4
CAN2.RFLM=DISABLE
CAN2.SJW=CAN_SJW_1TQ
CAN2.TTCM=DISABLE
CAN2.TXFP=DISABLE
File.Version=6
GPIO.groupedBy=
IWDG.IPParameters=Prescaler,Reload
IWDG.Prescaler=IWDG_PRESCALER_4
IWDG.Reload=4095
KeepUserPlacement=false
Mcu.CPN=STM32F105RCT6
Mcu.Family=STM32F1
Mcu.IP0=CAN1
Mcu.IP1=CAN2
Mcu.IP2=IWDG
Mcu.IP3=NVIC
Mcu.IP4=RCC
Mcu.IP5=SYS
Mcu.IPNb=6
Mcu.Name=STM32F105R(8-B-C)Tx
Mcu.Package=LQFP64
Mcu.Pin0=PD0-OSC_IN
Mcu.Pin1=PD1-OSC_OUT
Mcu.Pin10=PB5
Mcu.Pin11=PB6
Mcu.Pin12=VP_IWDG_VS_IWDG
Mcu.Pin13=VP_SYS_VS_Systick
Mcu.Pin2=PA11
Mcu.Pin3=PA12
Mcu.Pin4=PA13
Mcu.Pin5=PA14
Mcu.Pin6=PA15
Mcu.Pin7=PC10
Mcu.Pin8=PC11
Mcu.Pin9=PC12
Mcu.PinsNb=14
Mcu.ThirdPartyNb=0
Mcu.UserConstants=
Mcu.UserName=STM32F105RCTx
MxCube.Version=6.6.1
MxDb.Version=DB.6.0.60
NVIC.BusFault_IRQn=true\:0\:0\:false\:false\:true\:false\:false\:false
NVIC.CAN1_RX0_IRQn=true\:0\:0\:false\:false\:true\:true\:true\:true
NVIC.CAN1_RX1_IRQn=true\:0\:0\:false\:false\:true\:true\:true\:true
NVIC.CAN1_TX_IRQn=true\:0\:0\:false\:false\:true\:true\:true\:true
NVIC.CAN2_RX0_IRQn=true\:0\:0\:false\:false\:true\:true\:true\:true
NVIC.CAN2_RX1_IRQn=true\:0\:0\:false\:false\:true\:true\:true\:true
NVIC.CAN2_TX_IRQn=true\:0\:0\:false\:false\:true\:true\:true\:true
NVIC.DebugMonitor_IRQn=true\:0\:0\:false\:false\:true\:false\:false\:false
NVIC.ForceEnableDMAVector=true
NVIC.HardFault_IRQn=true\:0\:0\:false\:false\:true\:false\:false\:false
NVIC.MemoryManagement_IRQn=true\:0\:0\:false\:false\:true\:false\:false\:false
NVIC.NonMaskableInt_IRQn=true\:0\:0\:false\:false\:true\:false\:false\:false
NVIC.PendSV_IRQn=true\:0\:0\:false\:false\:true\:false\:false\:false
NVIC.PriorityGroup=NVIC_PRIORITYGROUP_4
NVIC.SVCall_IRQn=true\:0\:0\:false\:false\:true\:false\:false\:false
NVIC.SysTick_IRQn=true\:0\:0\:false\:false\:true\:false\:true\:false
NVIC.UsageFault_IRQn=true\:0\:0\:false\:false\:true\:false\:false\:false
PA11.Mode=CAN_Activate
PA11.Signal=CAN1_RX
PA12.Mode=CAN_Activate
PA12.Signal=CAN1_TX
PA13.Mode=Serial_Wire
PA13.Signal=SYS_JTMS-SWDIO
PA14.Mode=Serial_Wire
PA14.Signal=SYS_JTCK-SWCLK
PA15.GPIOParameters=GPIO_PuPd,GPIO_Label
PA15.GPIO_Label=Inp4
PA15.GPIO_PuPd=GPIO_PULLUP
PA15.Signal=GPIO_Input
PB5.Mode=CAN_Activate
PB5.Signal=CAN2_RX
PB6.Mode=CAN_Activate
PB6.Signal=CAN2_TX
PC10.GPIOParameters=GPIO_PuPd,GPIO_Label
PC10.GPIO_Label=Inp3
PC10.GPIO_PuPd=GPIO_PULLUP
PC10.Signal=GPIO_Input
PC11.GPIOParameters=GPIO_PuPd,GPIO_Label
PC11.GPIO_Label=Inp2
PC11.GPIO_PuPd=GPIO_PULLUP
PC11.Signal=GPIO_Input
PC12.GPIOParameters=GPIO_PuPd,GPIO_Label
PC12.GPIO_Label=Inp1
PC12.GPIO_PuPd=GPIO_PULLUP
PC12.Signal=GPIO_Input
PD0-OSC_IN.Mode=HSE-External-Oscillator
PD0-OSC_IN.Signal=RCC_OSC_IN
PD1-OSC_OUT.Mode=HSE-External-Oscillator
PD1-OSC_OUT.Signal=RCC_OSC_OUT
PinOutPanel.RotationAngle=0
ProjectManager.AskForMigrate=true
ProjectManager.BackupPrevious=true
ProjectManager.CompilerOptimize=6
ProjectManager.ComputerToolchain=false
ProjectManager.CoupleFile=true
ProjectManager.CustomerFirmwarePackage=
ProjectManager.DefaultFWLocation=true
ProjectManager.DeletePrevious=true
ProjectManager.DeviceId=STM32F105RCTx
ProjectManager.FirmwarePackage=STM32Cube FW_F1 V1.8.4
ProjectManager.FreePins=false
ProjectManager.HalAssertFull=false
ProjectManager.HeapSize=0x200
ProjectManager.KeepUserCode=true
ProjectManager.LastFirmware=true
ProjectManager.LibraryCopy=1
ProjectManager.MainLocation=Core/Src
ProjectManager.NoMain=false
ProjectManager.PreviousToolchain=
ProjectManager.ProjectBuild=false
ProjectManager.ProjectFileName=jcan.ioc
ProjectManager.ProjectName=jcan
ProjectManager.RegisterCallBack=
ProjectManager.StackSize=0x400
ProjectManager.TargetToolchain=MDK-ARM V5.27
ProjectManager.ToolChainLocation=
ProjectManager.UnderRoot=false
ProjectManager.functionlistsort=1-MX_GPIO_Init-GPIO-false-HAL-true,2-SystemClock_Config-RCC-false-HAL-false,3-MX_CAN1_Init-CAN1-false-HAL-true,4-MX_CAN2_Init-CAN2-false-HAL-true,5-MX_IWDG_Init-IWDG-false-HAL-true
RCC.ADCFreqValue=36000000
RCC.AHBFreq_Value=72000000
RCC.APB1CLKDivider=RCC_HCLK_DIV2
RCC.APB1Freq_Value=36000000
RCC.APB1TimFreq_Value=72000000
RCC.APB2Freq_Value=72000000
RCC.APB2TimFreq_Value=72000000
RCC.FCLKCortexFreq_Value=72000000
RCC.FLatency=FLASH_LATENCY_2
RCC.FamilyName=M
RCC.HCLKFreq_Value=72000000
RCC.HSEDivPLL=RCC_HSE_PREDIV_DIV5
RCC.HSE_VALUE=25000000
RCC.I2S2Freq_Value=72000000
RCC.I2S3Freq_Value=72000000
RCC.IPParameters=ADCFreqValue,AHBFreq_Value,APB1CLKDivider,APB1Freq_Value,APB1TimFreq_Value,APB2Freq_Value,APB2TimFreq_Value,FCLKCortexFreq_Value,FLatency,FamilyName,HCLKFreq_Value,HSEDivPLL,HSE_VALUE,I2S2Freq_Value,I2S3Freq_Value,MCOFreq_Value,PLL2CLKoutputFreqValue,PLL2VCOoutputFreqValue,PLL3CLKoutputFreqValue,PLL3VCOoutputFreqValue,PLLCLKFreq_Value,PLLMUL,PLLSourceVirtual,Prediv1Source,Prediv2,Prediv2FreqValue,SYSCLKFreq_VALUE,SYSCLKSource,TimSysFreq_Value,USBFreq_Value,VCOOutput2Freq_Value
RCC.MCOFreq_Value=72000000
RCC.PLL2CLKoutputFreqValue=40000000
RCC.PLL2VCOoutputFreqValue=80000000
RCC.PLL3CLKoutputFreqValue=40000000
RCC.PLL3VCOoutputFreqValue=80000000
RCC.PLLCLKFreq_Value=72000000
RCC.PLLMUL=RCC_PLL_MUL9
RCC.PLLSourceVirtual=RCC_PLLSOURCE_HSE
RCC.Prediv1Source=RCC_PREDIV1_SOURCE_PLL2
RCC.Prediv2=RCC_HSE_PREDIV2_DIV5
RCC.Prediv2FreqValue=5000000
RCC.SYSCLKFreq_VALUE=72000000
RCC.SYSCLKSource=RCC_SYSCLKSOURCE_PLLCLK
RCC.TimSysFreq_Value=72000000
RCC.USBFreq_Value=48000000
RCC.VCOOutput2Freq_Value=8000000
VP_IWDG_VS_IWDG.Mode=IWDG_Activate
VP_IWDG_VS_IWDG.Signal=IWDG_VS_IWDG
VP_SYS_VS_Systick.Mode=SysTick
VP_SYS_VS_Systick.Signal=SYS_VS_Systick
board=custom
